
Microsoft Visual Studio Solution File, Format Version 12.00
# Visual Studio 2012
Project("{FAE04EC0-301F-11D3-BF4B-00C04F79EFBC}") = "Naylor.Gateway", "Naylor.Gateway\Naylor.Gateway.csproj", "{5D9E9926-FFF0-45C1-899A-C2B57559F84F}"
EndProject
Project("{FAE04EC0-301F-11D3-BF4B-00C04F79EFBC}") = "Naylor", "Naylor\Naylor.csproj", "{501B3BF4-6FAD-4BE5-B7C0-C88B2CEAD282}"
EndProject
Project("{FAE04EC0-301F-11D3-BF4B-00C04F79EFBC}") = "Naylor.Data", "Naylor.Data\Naylor.Data.csproj", "{C1460F41-09EA-4F8B-B3FF-248AAE93FE13}"
EndProject
Project("{FAE04EC0-301F-11D3-BF4B-00C04F79EFBC}") = "Naylor.Services", "Naylor.Services\Naylor.Services.csproj", "{2DD759E4-244C-411B-AC33-EF526A7D4D59}"
EndProject
Global
	GlobalSection(SolutionConfigurationPlatforms) = preSolution
		Debug|Any CPU = Debug|Any CPU
		Release|Any CPU = Release|Any CPU
	EndGlobalSection
	GlobalSection(ProjectConfigurationPlatforms) = postSolution
		{5D9E9926-FFF0-45C1-899A-C2B57559F84F}.Debug|Any CPU.ActiveCfg = Debug|Any CPU
		{5D9E9926-FFF0-45C1-899A-C2B57559F84F}.Debug|Any CPU.Build.0 = Debug|Any CPU
		{5D9E9926-FFF0-45C1-899A-C2B57559F84F}.Release|Any CPU.ActiveCfg = Release|Any CPU
		{5D9E9926-FFF0-45C1-899A-C2B57559F84F}.Release|Any CPU.Build.0 = Release|Any CPU
		{501B3BF4-6FAD-4BE5-B7C0-C88B2CEAD282}.Debug|Any CPU.ActiveCfg = Debug|Any CPU
		{501B3BF4-6FAD-4BE5-B7C0-C88B2CEAD282}.Debug|Any CPU.Build.0 = Debug|Any CPU
		{501B3BF4-6FAD-4BE5-B7C0-C88B2CEAD282}.Release|Any CPU.ActiveCfg = Release|Any CPU
		{501B3BF4-6FAD-4BE5-B7C0-C88B2CEAD282}.Release|Any CPU.Build.0 = Release|Any CPU
		{C1460F41-09EA-4F8B-B3FF-248AAE93FE13}.Debug|Any CPU.ActiveCfg = Debug|Any CPU
		{C1460F41-09EA-4F8B-B3FF-248AAE93FE13}.Debug|Any CPU.Build.0 = Debug|Any CPU
		{C1460F41-09EA-4F8B-B3FF-248AAE93FE13}.Release|Any CPU.ActiveCfg = Release|Any CPU
		{C1460F41-09EA-4F8B-B3FF-248AAE93FE13}.Release|Any CPU.Build.0 = Release|Any CPU
		{2DD759E4-244C-411B-AC33-EF526A7D4D59}.Debug|Any CPU.ActiveCfg = Debug|Any CPU
		{2DD759E4-244C-411B-AC33-EF526A7D4D59}.Debug|Any CPU.Build.0 = Debug|Any CPU
		{2DD759E4-244C-411B-AC33-EF526A7D4D59}.Release|Any CPU.ActiveCfg = Release|Any CPU
		{2DD759E4-244C-411B-AC33-EF526A7D4D59}.Release|Any CPU.Build.0 = Release|Any CPU
	EndGlobalSection
	GlobalSection(SolutionProperties) = preSolution
		HideSolutionNode = FALSE
	EndGlobalSection
EndGlobal
